[root]
name = "greetings"
version = "0.1.1"
dependencies = [
 "jni 0.5.2 (registry+https://github.com/rust-lang/crates.io-index)",
]

[[package]]
name = "ascii"
version = "0.7.1"
source = "registry+https://github.com/rust-lang/crates.io-index"

[[package]]
name = "byteorder"
version = "1.1.0"
source = "registry+https://github.com/rust-lang/crates.io-index"

[[package]]
name = "cesu8"
version = "1.1.0"
source = "registry+https://github.com/rust-lang/crates.io-index"

[[package]]
name = "combine"
version = "2.5.1"
source = "registry+https://github.com/rust-lang/crates.io-index"
dependencies = [
 "ascii 0.7.1 (registry+https://github.com/rust-lang/crates.io-index)",
 "byteorder 1.1.0 (registry+https://github.com/rust-lang/crates.io-index)",
]

[[package]]
name = "error-chain"
version = "0.10.0"
source = "registry+https://github.com/rust-lang/crates.io-index"

[[package]]
name = "jni"
version = "0.5.2"
source = "registry+https://github.com/rust-lang/crates.io-index"
dependencies = [
 "cesu8 1.1.0 (registry+https://github.com/rust-lang/crates.io-index)",
 "combine 2.5.1 (registry+https://github.com/rust-lang/crates.io-index)",
 "error-chain 0.10.0 (registry+https://github.com/rust-lang/crates.io-index)",
 "jni-sys 0.2.5 (registry+https://github.com/rust-lang/crates.io-index)",
 "log 0.3.8 (registry+https://github.com/rust-lang/crates.io-index)",
]

[[package]]
name = "jni-sys"
version = "0.2.5"
source = "registry+https://github.com/rust-lang/crates.io-index"

[[package]]
name = "log"
version = "0.3.8"
source = "registry+https://github.com/rust-lang/crates.io-index"

[metadata]
"checksum ascii 0.7.1 (registry+https://github.com/rust-lang/crates.io-index)" = "3ae7d751998c189c1d4468cf0a39bb2eae052a9c58d50ebb3b9591ee3813ad50"
"checksum byteorder 1.1.0 (registry+https://github.com/rust-lang/crates.io-index)" = "ff81738b726f5d099632ceaffe7fb65b90212e8dce59d518729e7e8634032d3d"
"checksum cesu8 1.1.0 (registry+https://github.com/rust-lang/crates.io-index)" = "6d43a04d8753f35258c91f8ec639f792891f748a1edbd759cf1dcea3382ad83c"
"checksum combine 2.5.1 (registry+https://github.com/rust-lang/crates.io-index)" = "f5c279781ad7b9b480fe265770ea5cb87fcbdc8ea1b2b6930d60a206e781dc6c"
"checksum error-chain 0.10.0 (registry+https://github.com/rust-lang/crates.io-index)" = "d9435d864e017c3c6afeac1654189b06cdb491cf2ff73dbf0d73b0f292f42ff8"
"checksum jni 0.5.2 (registry+https://github.com/rust-lang/crates.io-index)" = "914c602e3a81f89761661fca05eb0e1f1834985aeae4074394e030c4181cfa07"
"checksum jni-sys 0.2.5 (registry+https://github.com/rust-lang/crates.io-index)" = "de0aaaba8809ab8d83a53fe2b313b996b79e8632b855eae9f70ad4323dca91b8"
"checksum log 0.3.8 (registry+https://github.com/rust-lang/crates.io-index)" = "880f77541efa6e5cc74e76910c9884d9859683118839d6a1dc3b11e63512565b"
