// !$*UTF8*$!
{
	archiveVersion = 1;
	classes = {
	};
	objectVersion = 46;
	objects = {

/* Begin PBXBuildFile section */
		7B668C4F1F46E022001A9945 /* AppDelegate.swift in Sources */ = {isa = PBXBuildFile; fileRef = 7B668C4E1F46E022001A9945 /* AppDelegate.swift */; };
		7B668C511F46E022001A9945 /* ViewController.swift in Sources */ = {isa = PBXBuildFile; fileRef = 7B668C501F46E022001A9945 /* ViewController.swift */; };
		7B668C541F46E022001A9945 /* Main.storyboard in Resources */ = {isa = PBXBuildFile; fileRef = 7B668C521F46E022001A9945 /* Main.storyboard */; };
		7B668C561F46E022001A9945 /* Assets.xcassets in Resources */ = {isa = PBXBuildFile; fileRef = 7B668C551F46E022001A9945 /* Assets.xcassets */; };
		7B668C591F46E022001A9945 /* LaunchScreen.storyboard in Resources */ = {isa = PBXBuildFile; fileRef = 7B668C571F46E022001A9945 /* LaunchScreen.storyboard */; };
		7B668C641F46E022001A9945 /* GreetingsTests.swift in Sources */ = {isa = PBXBuildFile; fileRef = 7B668C631F46E022001A9945 /* GreetingsTests.swift */; };
		7B668C701F46E040001A9945 /* libgreetings.a in Frameworks */ = {isa = PBXBuildFile; fileRef = 7B668C6F1F46E040001A9945 /* libgreetings.a */; };
		7B668C721F46E04B001A9945 /* libresolv.tbd in Frameworks */ = {isa = PBXBuildFile; fileRef = 7B668C711F46E04B001A9945 /* libresolv.tbd */; };
		7B668C7B1F46E26F001A9945 /* RustGreetings.swift in Sources */ = {isa = PBXBuildFile; fileRef = 7B668C7A1F46E26F001A9945 /* RustGreetings.swift */; };
/* End PBXBuildFile section */

/* Begin PBXContainerItemProxy section */
		7B668C601F46E022001A9945 /* PBXContainerItemProxy */ = {
			isa = PBXContainerItemProxy;
			containerPortal = 7B668C431F46E022001A9945 /* Project object */;
			proxyType = 1;
			remoteGlobalIDString = 7B668C4A1F46E022001A9945;
			remoteInfo = Greetings;
		};
/* End PBXContainerItemProxy section */

/* Begin PBXFileReference section */
		7B668C4B1F46E022001A9945 /* Greetings.app */ = {isa = PBXFileReference; explicitFileType = wrapper.application; includeInIndex = 0; path = Greetings.app; sourceTree = BUILT_PRODUCTS_DIR; };
		7B668C4E1F46E022001A9945 /* AppDelegate.swift */ = {isa = PBXFileReference; lastKnownFileType = sourcecode.swift; path = AppDelegate.swift; sourceTree = "<group>"; };
		7B668C501F46E022001A9945 /* ViewController.swift */ = {isa = PBXFileReference; lastKnownFileType = sourcecode.swift; path = ViewController.swift; sourceTree = "<group>"; };
		7B668C531F46E022001A9945 /* Base */ = {isa = PBXFileReference; lastKnownFileType = file.storyboard; name = Base; path = Base.lproj/Main.storyboard; sourceTree = "<group>"; };
		7B668C551F46E022001A9945 /* Assets.xcassets */ = {isa = PBXFileReference; lastKnownFileType = folder.assetcatalog; path = Assets.xcassets; sourceTree = "<group>"; };
		7B668C581F46E022001A9945 /* Base */ = {isa = PBXFileReference; lastKnownFileType = file.storyboard; name = Base; path = Base.lproj/LaunchScreen.storyboard; sourceTree = "<group>"; };
		7B668C5A1F46E022001A9945 /* Info.plist */ = {isa = PBXFileReference; lastKnownFileType = text.plist.xml; path = Info.plist; sourceTree = "<group>"; };
		7B668C5F1F46E022001A9945 /* GreetingsTests.xctest */ = {isa = PBXFileReference; explicitFileType = wrapper.cfbundle; includeInIndex = 0; path = GreetingsTests.xctest; sourceTree = BUILT_PRODUCTS_DIR; };
		7B668C631F46E022001A9945 /* GreetingsTests.swift */ = {isa = PBXFileReference; lastKnownFileType = sourcecode.swift; path = GreetingsTests.swift; sourceTree = "<group>"; };
		7B668C651F46E022001A9945 /* Info.plist */ = {isa = PBXFileReference; lastKnownFileType = text.plist.xml; path = Info.plist; sourceTree = "<group>"; };
		7B668C6F1F46E040001A9945 /* libgreetings.a */ = {isa = PBXFileReference; lastKnownFileType = archive.ar; name = libgreetings.a; path = ../../cargo/target/universal/release/libgreetings.a; sourceTree = "<group>"; };
		7B668C711F46E04B001A9945 /* libresolv.tbd */ = {isa = PBXFileReference; lastKnownFileType = "sourcecode.text-based-dylib-definition"; name = libresolv.tbd; path = usr/lib/libresolv.tbd; sourceTree = SDKROOT; };
		7B668C741F46E084001A9945 /* Greetings-Bridging-Header.h */ = {isa = PBXFileReference; lastKnownFileType = sourcecode.c.h; path = "Greetings-Bridging-Header.h"; sourceTree = "<group>"; };
		7B668C791F46E0F4001A9945 /* greetings.h */ = {isa = PBXFileReference; fileEncoding = 4; lastKnownFileType = sourcecode.c.h; name = greetings.h; path = ../../../cargo/src/greetings.h; sourceTree = "<group>"; };
		7B668C7A1F46E26F001A9945 /* RustGreetings.swift */ = {isa = PBXFileReference; fileEncoding = 4; lastKnownFileType = sourcecode.swift; path = RustGreetings.swift; sourceTree = "<group>"; };
/* End PBXFileReference section */

/* Begin PBXFrameworksBuildPhase section */
		7B668C481F46E022001A9945 /* Frameworks */ = {
			isa = PBXFrameworksBuildPhase;
			buildActionMask = 2147483647;
			files = (
				7B668C721F46E04B001A9945 /* libresolv.tbd in Frameworks */,
				7B668C701F46E040001A9945 /* libgreetings.a in Frameworks */,
			);
			runOnlyForDeploymentPostprocessing = 0;
		};
		7B668C5C1F46E022001A9945 /* Frameworks */ = {
			isa = PBXFrameworksBuildPhase;
			buildActionMask = 2147483647;
			files = (
			);
			runOnlyForDeploymentPostprocessing = 0;
		};
/* End PBXFrameworksBuildPhase section */

/* Begin PBXGroup section */
		7B668C421F46E022001A9945 = {
			isa = PBXGroup;
			children = (
				7B668C4D1F46E022001A9945 /* Greetings */,
				7B668C621F46E022001A9945 /* GreetingsTests */,
				7B668C4C1F46E022001A9945 /* Products */,
				7B668C6E1F46E040001A9945 /* Frameworks */,
			);
			sourceTree = "<group>";
		};
		7B668C4C1F46E022001A9945 /* Products */ = {
			isa = PBXGroup;
			children = (
				7B668C4B1F46E022001A9945 /* Greetings.app */,
				7B668C5F1F46E022001A9945 /* GreetingsTests.xctest */,
			);
			name = Products;
			sourceTree = "<group>";
		};
		7B668C4D1F46E022001A9945 /* Greetings */ = {
			isa = PBXGroup;
			children = (
				7B668C731F46E05E001A9945 /* Rust */,
				7B668C4E1F46E022001A9945 /* AppDelegate.swift */,
				7B668C501F46E022001A9945 /* ViewController.swift */,
				7B668C521F46E022001A9945 /* Main.storyboard */,
				7B668C551F46E022001A9945 /* Assets.xcassets */,
				7B668C571F46E022001A9945 /* LaunchScreen.storyboard */,
				7B668C5A1F46E022001A9945 /* Info.plist */,
			);
			path = Greetings;
			sourceTree = "<group>";
		};
		7B668C621F46E022001A9945 /* GreetingsTests */ = {
			isa = PBXGroup;
			children = (
				7B668C631F46E022001A9945 /* GreetingsTests.swift */,
				7B668C651F46E022001A9945 /* Info.plist */,
			);
			path = GreetingsTests;
			sourceTree = "<group>";
		};
		7B668C6E1F46E040001A9945 /* Frameworks */ = {
			isa = PBXGroup;
			children = (
				7B668C711F46E04B001A9945 /* libresolv.tbd */,
				7B668C6F1F46E040001A9945 /* libgreetings.a */,
			);
			name = Frameworks;
			sourceTree = "<group>";
		};
		7B668C731F46E05E001A9945 /* Rust */ = {
			isa = PBXGroup;
			children = (
				7B668C791F46E0F4001A9945 /* greetings.h */,
				7B668C741F46E084001A9945 /* Greetings-Bridging-Header.h */,
				7B668C7A1F46E26F001A9945 /* RustGreetings.swift */,
			);
			name = Rust;
			sourceTree = "<group>";
		};
/* End PBXGroup section */

/* Begin PBXNativeTarget section */
		7B668C4A1F46E022001A9945 /* Greetings */ = {
			isa = PBXNativeTarget;
			buildConfigurationList = 7B668C681F46E022001A9945 /* Build configuration list for PBXNativeTarget "Greetings" */;
			buildPhases = (
				7B668C471F46E022001A9945 /* Sources */,
				7B668C481F46E022001A9945 /* Frameworks */,
				7B668C491F46E022001A9945 /* Resources */,
			);
			buildRules = (
			);
			dependencies = (
			);
			name = Greetings;
			productName = Greetings;
			productReference = 7B668C4B1F46E022001A9945 /* Greetings.app */;
			productType = "com.apple.product-type.application";
		};
		7B668C5E1F46E022001A9945 /* GreetingsTests */ = {
			isa = PBXNativeTarget;
			buildConfigurationList = 7B668C6B1F46E022001A9945 /* Build configuration list for PBXNativeTarget "GreetingsTests" */;
			buildPhases = (
				7B668C5B1F46E022001A9945 /* Sources */,
				7B668C5C1F46E022001A9945 /* Frameworks */,
				7B668C5D1F46E022001A9945 /* Resources */,
			);
			buildRules = (
			);
			dependencies = (
				7B668C611F46E022001A9945 /* PBXTargetDependency */,
			);
			name = GreetingsTests;
			productName = GreetingsTests;
			productReference = 7B668C5F1F46E022001A9945 /* GreetingsTests.xctest */;
			productType = "com.apple.product-type.bundle.unit-test";
		};
/* End PBXNativeTarget section */

/* Begin PBXProject section */
		7B668C431F46E022001A9945 /* Project object */ = {
			isa = PBXProject;
			attributes = {
				LastSwiftUpdateCheck = 0830;
				LastUpgradeCheck = 0830;
				ORGANIZATIONNAME = Mozilla;
				TargetAttributes = {
					7B668C4A1F46E022001A9945 = {
						CreatedOnToolsVersion = 8.3.3;
						DevelopmentTeam = 8BHJ767F4Y;
						ProvisioningStyle = Automatic;
					};
					7B668C5E1F46E022001A9945 = {
						CreatedOnToolsVersion = 8.3.3;
						DevelopmentTeam = 8BHJ767F4Y;
						ProvisioningStyle = Automatic;
						TestTargetID = 7B668C4A1F46E022001A9945;
					};
				};
			};
			buildConfigurationList = 7B668C461F46E022001A9945 /* Build configuration list for PBXProject "Greetings" */;
			compatibilityVersion = "Xcode 3.2";
			developmentRegion = English;
			hasScannedForEncodings = 0;
			knownRegions = (
				en,
				Base,
			);
			mainGroup = 7B668C421F46E022001A9945;
			productRefGroup = 7B668C4C1F46E022001A9945 /* Products */;
			projectDirPath = "";
			projectRoot = "";
			targets = (
				7B668C4A1F46E022001A9945 /* Greetings */,
				7B668C5E1F46E022001A9945 /* GreetingsTests */,
			);
		};
/* End PBXProject section */

/* Begin PBXResourcesBuildPhase section */
		7B668C491F46E022001A9945 /* Resources */ = {
			isa = PBXResourcesBuildPhase;
			buildActionMask = 2147483647;
			files = (
				7B668C591F46E022001A9945 /* LaunchScreen.storyboard in Resources */,
				7B668C561F46E022001A9945 /* Assets.xcassets in Resources */,
				7B668C541F46E022001A9945 /* Main.storyboard in Resources */,
			);
			runOnlyForDeploymentPostprocessing = 0;
		};
		7B668C5D1F46E022001A9945 /* Resources */ = {
			isa = PBXResourcesBuildPhase;
			buildActionMask = 2147483647;
			files = (
			);
			runOnlyForDeploymentPostprocessing = 0;
		};
/* End PBXResourcesBuildPhase section */

/* Begin PBXSourcesBuildPhase section */
		7B668C471F46E022001A9945 /* Sources */ = {
			isa = PBXSourcesBuildPhase;
			buildActionMask = 2147483647;
			files = (
				7B668C7B1F46E26F001A9945 /* RustGreetings.swift in Sources */,
				7B668C511F46E022001A9945 /* ViewController.swift in Sources */,
				7B668C4F1F46E022001A9945 /* AppDelegate.swift in Sources */,
			);
			runOnlyForDeploymentPostprocessing = 0;
		};
		7B668C5B1F46E022001A9945 /* Sources */ = {
			isa = PBXSourcesBuildPhase;
			buildActionMask = 2147483647;
			files = (
				7B668C641F46E022001A9945 /* GreetingsTests.swift in Sources */,
			);
			runOnlyForDeploymentPostprocessing = 0;
		};
/* End PBXSourcesBuildPhase section */

/* Begin PBXTargetDependency section */
		7B668C611F46E022001A9945 /* PBXTargetDependency */ = {
			isa = PBXTargetDependency;
			target = 7B668C4A1F46E022001A9945 /* Greetings */;
			targetProxy = 7B668C601F46E022001A9945 /* PBXContainerItemProxy */;
		};
/* End PBXTargetDependency section */

/* Begin PBXVariantGroup section */
		7B668C521F46E022001A9945 /* Main.storyboard */ = {
			isa = PBXVariantGroup;
			children = (
				7B668C531F46E022001A9945 /* Base */,
			);
			name = Main.storyboard;
			sourceTree = "<group>";
		};
		7B668C571F46E022001A9945 /* LaunchScreen.storyboard */ = {
			isa = PBXVariantGroup;
			children = (
				7B668C581F46E022001A9945 /* Base */,
			);
			name = LaunchScreen.storyboard;
			sourceTree = "<group>";
		};
/* End PBXVariantGroup section */

/* Begin XCBuildConfiguration section */
		7B668C661F46E022001A9945 /* Debug */ = {
			isa = XCBuildConfiguration;
			buildSettings = {
				ALWAYS_SEARCH_USER_PATHS = NO;
				CLANG_ANALYZER_NONNULL = YES;
				CLANG_ANALYZER_NUMBER_OBJECT_CONVERSION = YES_AGGRESSIVE;
				CLANG_CXX_LANGUAGE_STANDARD = "gnu++0x";
				CLANG_CXX_LIBRARY = "libc++";
				CLANG_ENABLE_MODULES = YES;
				CLANG_ENABLE_OBJC_ARC = YES;
				CLANG_WARN_BOOL_CONVERSION = YES;
				CLANG_WARN_CONSTANT_CONVERSION = YES;
				CLANG_WARN_DIRECT_OBJC_ISA_USAGE = YES_ERROR;
				CLANG_WARN_DOCUMENTATION_COMMENTS = YES;
				CLANG_WARN_EMPTY_BODY = YES;
				CLANG_WARN_ENUM_CONVERSION = YES;
				CLANG_WARN_INFINITE_RECURSION = YES;
				CLANG_WARN_INT_CONVERSION = YES;
				CLANG_WARN_OBJC_ROOT_CLASS = YES_ERROR;
				CLANG_WARN_SUSPICIOUS_MOVE = YES;
				CLANG_WARN_UNREACHABLE_CODE = YES;
				CLANG_WARN__DUPLICATE_METHOD_MATCH = YES;
				"CODE_SIGN_IDENTITY[sdk=iphoneos*]" = "iPhone Developer";
				COPY_PHASE_STRIP = NO;
				DEBUG_INFORMATION_FORMAT = dwarf;
				ENABLE_STRICT_OBJC_MSGSEND = YES;
				ENABLE_TESTABILITY = YES;
				GCC_C_LANGUAGE_STANDARD = gnu99;
				GCC_DYNAMIC_NO_PIC = NO;
				GCC_NO_COMMON_BLOCKS = YES;
				GCC_OPTIMIZATION_LEVEL = 0;
				GCC_PREPROCESSOR_DEFINITIONS = (
					"DEBUG=1",
					"$(inherited)",
				);
				GCC_WARN_64_TO_32_BIT_CONVERSION = YES;
				GCC_WARN_ABOUT_RETURN_TYPE = YES_ERROR;
				GCC_WARN_UNDECLARED_SELECTOR = YES;
				GCC_WARN_UNINITIALIZED_AUTOS = YES_AGGRESSIVE;
				GCC_WARN_UNUSED_FUNCTION = YES;
				GCC_WARN_UNUSED_VARIABLE = YES;
				IPHONEOS_DEPLOYMENT_TARGET = 10.3;
				MTL_ENABLE_DEBUG_INFO = YES;
				ONLY_ACTIVE_ARCH = YES;
				SDKROOT = iphoneos;
				SWIFT_ACTIVE_COMPILATION_CONDITIONS = DEBUG;
				SWIFT_OPTIMIZATION_LEVEL = "-Onone";
				TARGETED_DEVICE_FAMILY = "1,2";
			};
			name = Debug;
		};
		7B668C671F46E022001A9945 /* Release */ = {
			isa = XCBuildConfiguration;
			buildSettings = {
				ALWAYS_SEARCH_USER_PATHS = NO;
				CLANG_ANALYZER_NONNULL = YES;
				CLANG_ANALYZER_NUMBER_OBJECT_CONVERSION = YES_AGGRESSIVE;
				CLANG_CXX_LANGUAGE_STANDARD = "gnu++0x";
				CLANG_CXX_LIBRARY = "libc++";
				CLANG_ENABLE_MODULES = YES;
				CLANG_ENABLE_OBJC_ARC = YES;
				CLANG_WARN_BOOL_CONVERSION = YES;
				CLANG_WARN_CONSTANT_CONVERSION = YES;
				CLANG_WARN_DIRECT_OBJC_ISA_USAGE = YES_ERROR;
				CLANG_WARN_DOCUMENTATION_COMMENTS = YES;
				CLANG_WARN_EMPTY_BODY = YES;
				CLANG_WARN_ENUM_CONVERSION = YES;
				CLANG_WARN_INFINITE_RECURSION = YES;
				CLANG_WARN_INT_CONVERSION = YES;
				CLANG_WARN_OBJC_ROOT_CLASS = YES_ERROR;
				CLANG_WARN_SUSPICIOUS_MOVE = YES;
				CLANG_WARN_UNREACHABLE_CODE = YES;
				CLANG_WARN__DUPLICATE_METHOD_MATCH = YES;
				"CODE_SIGN_IDENTITY[sdk=iphoneos*]" = "iPhone Developer";
				COPY_PHASE_STRIP = NO;
				DEBUG_INFORMATION_FORMAT = "dwarf-with-dsym";
				ENABLE_NS_ASSERTIONS = NO;
				ENABLE_STRICT_OBJC_MSGSEND = YES;
				GCC_C_LANGUAGE_STANDARD = gnu99;
				GCC_NO_COMMON_BLOCKS = YES;
				GCC_WARN_64_TO_32_BIT_CONVERSION = YES;
				GCC_WARN_ABOUT_RETURN_TYPE = YES_ERROR;
				GCC_WARN_UNDECLARED_SELECTOR = YES;
				GCC_WARN_UNINITIALIZED_AUTOS = YES_AGGRESSIVE;
				GCC_WARN_UNUSED_FUNCTION = YES;
				GCC_WARN_UNUSED_VARIABLE = YES;
				IPHONEOS_DEPLOYMENT_TARGET = 10.3;
				MTL_ENABLE_DEBUG_INFO = NO;
				SDKROOT = iphoneos;
				SWIFT_OPTIMIZATION_LEVEL = "-Owholemodule";
				TARGETED_DEVICE_FAMILY = "1,2";
				VALIDATE_PRODUCT = YES;
			};
			name = Release;
		};
		7B668C691F46E022001A9945 /* Debug */ = {
			isa = XCBuildConfiguration;
			buildSettings = {
				ASSETCATALOG_COMPILER_APPICON_NAME = AppIcon;
				DEVELOPMENT_TEAM = 8BHJ767F4Y;
				INFOPLIST_FILE = Greetings/Info.plist;
				LD_RUNPATH_SEARCH_PATHS = "$(inherited) @executable_path/Frameworks";
				LIBRARY_SEARCH_PATHS = "$(PROJECT_DIR)/../../cargo/target/universal/release/**";
				PRODUCT_BUNDLE_IDENTIFIER = com.mozilla.Greetings;
				PRODUCT_NAME = "$(TARGET_NAME)";
				SWIFT_OBJC_BRIDGING_HEADER = "$(PROJECT_DIR)/Greetings/Greetings-Bridging-Header.h";
				SWIFT_VERSION = 3.0;
			};
			name = Debug;
		};
		7B668C6A1F46E022001A9945 /* Release */ = {
			isa = XCBuildConfiguration;
			buildSettings = {
				ASSETCATALOG_COMPILER_APPICON_NAME = AppIcon;
				DEVELOPMENT_TEAM = 8BHJ767F4Y;
				INFOPLIST_FILE = Greetings/Info.plist;
				LD_RUNPATH_SEARCH_PATHS = "$(inherited) @executable_path/Frameworks";
				LIBRARY_SEARCH_PATHS = "$(PROJECT_DIR)/../../cargo/target/universal/release/**";
				PRODUCT_BUNDLE_IDENTIFIER = com.mozilla.Greetings;
				PRODUCT_NAME = "$(TARGET_NAME)";
				SWIFT_OBJC_BRIDGING_HEADER = "$(PROJECT_DIR)/Greetings/Greetings-Bridging-Header.h";
				SWIFT_VERSION = 3.0;
			};
			name = Release;
		};
		7B668C6C1F46E022001A9945 /* Debug */ = {
			isa = XCBuildConfiguration;
			buildSettings = {
				ALWAYS_EMBED_SWIFT_STANDARD_LIBRARIES = YES;
				BUNDLE_LOADER = "$(TEST_HOST)";
				DEVELOPMENT_TEAM = 8BHJ767F4Y;
				INFOPLIST_FILE = GreetingsTests/Info.plist;
				LD_RUNPATH_SEARCH_PATHS = "$(inherited) @executable_path/Frameworks @loader_path/Frameworks";
				PRODUCT_BUNDLE_IDENTIFIER = com.mozilla.GreetingsTests;
				PRODUCT_NAME = "$(TARGET_NAME)";
				SWIFT_VERSION = 3.0;
				TEST_HOST = "$(BUILT_PRODUCTS_DIR)/Greetings.app/Greetings";
			};
			name = Debug;
		};
		7B668C6D1F46E022001A9945 /* Release */ = {
			isa = XCBuildConfiguration;
			buildSettings = {
				ALWAYS_EMBED_SWIFT_STANDARD_LIBRARIES = YES;
				BUNDLE_LOADER = "$(TEST_HOST)";
				DEVELOPMENT_TEAM = 8BHJ767F4Y;
				INFOPLIST_FILE = GreetingsTests/Info.plist;
				LD_RUNPATH_SEARCH_PATHS = "$(inherited) @executable_path/Frameworks @loader_path/Frameworks";
				PRODUCT_BUNDLE_IDENTIFIER = com.mozilla.GreetingsTests;
				PRODUCT_NAME = "$(TARGET_NAME)";
				SWIFT_VERSION = 3.0;
				TEST_HOST = "$(BUILT_PRODUCTS_DIR)/Greetings.app/Greetings";
			};
			name = Release;
		};
/* End XCBuildConfiguration section */

/* Begin XCConfigurationList section */
		7B668C461F46E022001A9945 /* Build configuration list for PBXProject "Greetings" */ = {
			isa = XCConfigurationList;
			buildConfigurations = (
				7B668C661F46E022001A9945 /* Debug */,
				7B668C671F46E022001A9945 /* Release */,
			);
			defaultConfigurationIsVisible = 0;
			defaultConfigurationName = Release;
		};
		7B668C681F46E022001A9945 /* Build configuration list for PBXNativeTarget "Greetings" */ = {
			isa = XCConfigurationList;
			buildConfigurations = (
				7B668C691F46E022001A9945 /* Debug */,
				7B668C6A1F46E022001A9945 /* Release */,
			);
			defaultConfigurationIsVisible = 0;
		};
		7B668C6B1F46E022001A9945 /* Build configuration list for PBXNativeTarget "GreetingsTests" */ = {
			isa = XCConfigurationList;
			buildConfigurations = (
				7B668C6C1F46E022001A9945 /* Debug */,
				7B668C6D1F46E022001A9945 /* Release */,
			);
			defaultConfigurationIsVisible = 0;
		};
/* End XCConfigurationList section */
	};
	rootObject = 7B668C431F46E022001A9945 /* Project object */;
}
